
Microsoft Visual Studio Solution File, Format Version 12.00
# Visual Studio Version 16
VisualStudioVersion = 16.0.33328.57
MinimumVisualStudioVersion = 10.0.40219.1
Project("{FAE04EC0-301F-11D3-BF4B-00C04F79EFBC}") = "Parcial I Progra I (2)", "Parcial I Progra I (2).csproj", "{0D2D8A05-8765-409F-B55A-76A8D108A43C}"
EndProject
Global
	GlobalSection(SolutionConfigurationPlatforms) = preSolution
		Debug|Any CPU = Debug|Any CPU
		Release|Any CPU = Release|Any CPU
	EndGlobalSection
	GlobalSection(ProjectConfigurationPlatforms) = postSolution
		{0D2D8A05-8765-409F-B55A-76A8D108A43C}.Debug|Any CPU.ActiveCfg = Debug|Any CPU
		{0D2D8A05-8765-409F-B55A-76A8D108A43C}.Debug|Any CPU.Build.0 = Debug|Any CPU
		{0D2D8A05-8765-409F-B55A-76A8D108A43C}.Release|Any CPU.ActiveCfg = Release|Any CPU
		{0D2D8A05-8765-409F-B55A-76A8D108A43C}.Release|Any CPU.Build.0 = Release|Any CPU
	EndGlobalSection
	GlobalSection(SolutionProperties) = preSolution
		HideSolutionNode = FALSE
	EndGlobalSection
	GlobalSection(ExtensibilityGlobals) = postSolution
		SolutionGuid = {449EEBC8-7053-4FEC-B4C2-03E20A05EF59}
	EndGlobalSection
EndGlobal
